
Microsoft Visual Studio Solution File, Format Version 12.00
# Visual Studio Version 17
VisualStudioVersion = 17.0.31903.59
MinimumVisualStudioVersion = 10.0.40219.1
Project("{2150E333-8FDC-42A3-9474-1A3956D46DE8}") = "src", "src", "{827E0CD3-B72D-47B6-A68D-7590B98EB39B}"
EndProject
Project("{FAE04EC0-301F-11D3-BF4B-00C04F79EFBC}") = "PlcIoCheckerQr.Core", "src\PlcIoCheckerQr.Core\PlcIoCheckerQr.Core.csproj", "{D197B433-21E5-47E6-B929-10FD17504CDE}"
EndProject
Project("{FAE04EC0-301F-11D3-BF4B-00C04F79EFBC}") = "PlcIoCheckerQr.Core.Tests", "tests\PlcIoCheckerQr.Core.Tests\PlcIoCheckerQr.Core.Tests.csproj", "{1183B0CA-D113-48CD-9B99-C40D6531BD7C}"
EndProject
Project("{FAE04EC0-301F-11D3-BF4B-00C04F79EFBC}") = "PlcIoCheckerQr.Wpf", "src\PlcIoCheckerQr.Wpf\PlcIoCheckerQr.Wpf.csproj", "{C5B44524-8C0F-4857-82A0-D3E30F717A87}"
EndProject
Project("{FAE04EC0-301F-11D3-BF4B-00C04F79EFBC}") = "PlcIoCheckerQr.Wpf.Tests", "tests\PlcIoCheckerQr.Wpf.Tests\PlcIoCheckerQr.Wpf.Tests.csproj", "{F8C2A3D4-B5E6-4F70-9182-A3B4C5D6E7F8}"
EndProject
Global
	GlobalSection(SolutionConfigurationPlatforms) = preSolution
		Debug|Any CPU = Debug|Any CPU
		Debug|x64 = Debug|x64
		Debug|x86 = Debug|x86
		Release|Any CPU = Release|Any CPU
		Release|x64 = Release|x64
		Release|x86 = Release|x86
	EndGlobalSection
	GlobalSection(ProjectConfigurationPlatforms) = postSolution
		{D197B433-21E5-47E6-B929-10FD17504CDE}.Debug|Any CPU.ActiveCfg = Debug|Any CPU
		{D197B433-21E5-47E6-B929-10FD17504CDE}.Debug|Any CPU.Build.0 = Debug|Any CPU
		{D197B433-21E5-47E6-B929-10FD17504CDE}.Debug|x64.ActiveCfg = Debug|Any CPU
		{D197B433-21E5-47E6-B929-10FD17504CDE}.Debug|x64.Build.0 = Debug|Any CPU
		{D197B433-21E5-47E6-B929-10FD17504CDE}.Debug|x86.ActiveCfg = Debug|Any CPU
		{D197B433-21E5-47E6-B929-10FD17504CDE}.Debug|x86.Build.0 = Debug|Any CPU
		{D197B433-21E5-47E6-B929-10FD17504CDE}.Release|Any CPU.ActiveCfg = Release|Any CPU
		{D197B433-21E5-47E6-B929-10FD17504CDE}.Release|Any CPU.Build.0 = Release|Any CPU
		{D197B433-21E5-47E6-B929-10FD17504CDE}.Release|x64.ActiveCfg = Release|Any CPU
		{D197B433-21E5-47E6-B929-10FD17504CDE}.Release|x64.Build.0 = Release|Any CPU
		{D197B433-21E5-47E6-B929-10FD17504CDE}.Release|x86.ActiveCfg = Release|Any CPU
		{D197B433-21E5-47E6-B929-10FD17504CDE}.Release|x86.Build.0 = Release|Any CPU
		{1183B0CA-D113-48CD-9B99-C40D6531BD7C}.Debug|Any CPU.ActiveCfg = Debug|Any CPU
		{1183B0CA-D113-48CD-9B99-C40D6531BD7C}.Debug|Any CPU.Build.0 = Debug|Any CPU
		{1183B0CA-D113-48CD-9B99-C40D6531BD7C}.Debug|x64.ActiveCfg = Debug|Any CPU
		{1183B0CA-D113-48CD-9B99-C40D6531BD7C}.Debug|x64.Build.0 = Debug|Any CPU
		{1183B0CA-D113-48CD-9B99-C40D6531BD7C}.Debug|x86.ActiveCfg = Debug|Any CPU
		{1183B0CA-D113-48CD-9B99-C40D6531BD7C}.Debug|x86.Build.0 = Debug|Any CPU
		{1183B0CA-D113-48CD-9B99-C40D6531BD7C}.Release|Any CPU.ActiveCfg = Release|Any CPU
		{1183B0CA-D113-48CD-9B99-C40D6531BD7C}.Release|Any CPU.Build.0 = Release|Any CPU
		{1183B0CA-D113-48CD-9B99-C40D6531BD7C}.Release|x64.ActiveCfg = Release|Any CPU
		{1183B0CA-D113-48CD-9B99-C40D6531BD7C}.Release|x64.Build.0 = Release|Any CPU
		{1183B0CA-D113-48CD-9B99-C40D6531BD7C}.Release|x86.ActiveCfg = Release|Any CPU
		{1183B0CA-D113-48CD-9B99-C40D6531BD7C}.Release|x86.Build.0 = Release|Any CPU
		{C5B44524-8C0F-4857-82A0-D3E30F717A87}.Debug|Any CPU.ActiveCfg = Debug|Any CPU
		{C5B44524-8C0F-4857-82A0-D3E30F717A87}.Debug|Any CPU.Build.0 = Debug|Any CPU
		{C5B44524-8C0F-4857-82A0-D3E30F717A87}.Debug|x64.ActiveCfg = Debug|Any CPU
		{C5B44524-8C0F-4857-82A0-D3E30F717A87}.Debug|x64.Build.0 = Debug|Any CPU
		{C5B44524-8C0F-4857-82A0-D3E30F717A87}.Debug|x86.ActiveCfg = Debug|Any CPU
		{C5B44524-8C0F-4857-82A0-D3E30F717A87}.Debug|x86.Build.0 = Debug|Any CPU
		{C5B44524-8C0F-4857-82A0-D3E30F717A87}.Release|Any CPU.ActiveCfg = Release|Any CPU
		{C5B44524-8C0F-4857-82A0-D3E30F717A87}.Release|Any CPU.Build.0 = Release|Any CPU
		{C5B44524-8C0F-4857-82A0-D3E30F717A87}.Release|x64.ActiveCfg = Release|Any CPU
		{C5B44524-8C0F-4857-82A0-D3E30F717A87}.Release|x64.Build.0 = Release|Any CPU
		{C5B44524-8C0F-4857-82A0-D3E30F717A87}.Release|x86.ActiveCfg = Release|Any CPU
		{C5B44524-8C0F-4857-82A0-D3E30F717A87}.Release|x86.Build.0 = Release|Any CPU
		{F8C2A3D4-B5E6-4F70-9182-A3B4C5D6E7F8}.Debug|Any CPU.ActiveCfg = Debug|Any CPU
		{F8C2A3D4-B5E6-4F70-9182-A3B4C5D6E7F8}.Debug|Any CPU.Build.0 = Debug|Any CPU
		{F8C2A3D4-B5E6-4F70-9182-A3B4C5D6E7F8}.Debug|x64.ActiveCfg = Debug|Any CPU
		{F8C2A3D4-B5E6-4F70-9182-A3B4C5D6E7F8}.Debug|x64.Build.0 = Debug|Any CPU
		{F8C2A3D4-B5E6-4F70-9182-A3B4C5D6E7F8}.Debug|x86.ActiveCfg = Debug|Any CPU
		{F8C2A3D4-B5E6-4F70-9182-A3B4C5D6E7F8}.Debug|x86.Build.0 = Debug|Any CPU
		{F8C2A3D4-B5E6-4F70-9182-A3B4C5D6E7F8}.Release|Any CPU.ActiveCfg = Release|Any CPU
		{F8C2A3D4-B5E6-4F70-9182-A3B4C5D6E7F8}.Release|Any CPU.Build.0 = Release|Any CPU
		{F8C2A3D4-B5E6-4F70-9182-A3B4C5D6E7F8}.Release|x64.ActiveCfg = Release|Any CPU
		{F8C2A3D4-B5E6-4F70-9182-A3B4C5D6E7F8}.Release|x64.Build.0 = Release|Any CPU
		{F8C2A3D4-B5E6-4F70-9182-A3B4C5D6E7F8}.Release|x86.ActiveCfg = Release|Any CPU
		{F8C2A3D4-B5E6-4F70-9182-A3B4C5D6E7F8}.Release|x86.Build.0 = Release|Any CPU
	EndGlobalSection
	GlobalSection(SolutionProperties) = preSolution
		HideSolutionNode = FALSE
	EndGlobalSection
	GlobalSection(NestedProjects) = preSolution
		{D197B433-21E5-47E6-B929-10FD17504CDE} = {827E0CD3-B72D-47B6-A68D-7590B98EB39B}
		{1183B0CA-D113-48CD-9B99-C40D6531BD7C} = {827E0CD3-B72D-47B6-A68D-7590B98EB39B}
		{C5B44524-8C0F-4857-82A0-D3E30F717A87} = {827E0CD3-B72D-47B6-A68D-7590B98EB39B}
		{F8C2A3D4-B5E6-4F70-9182-A3B4C5D6E7F8} = {827E0CD3-B72D-47B6-A68D-7590B98EB39B}
	EndGlobalSection
EndGlobal
